
Microsoft Visual Studio Solution File, Format Version 12.00
# Visual Studio Version 16
VisualStudioVersion = 16.0.29613.14
MinimumVisualStudioVersion = 10.0.40219.1
Project("{FAE04EC0-301F-11D3-BF4B-00C04F79EFBC}") = "WhiteboardChallenges", "WhiteboardChallenges\WhiteboardChallenges.csproj", "{7EB5B3FF-B82D-4DB6-9525-3BFCC376A6F7}"
EndProject
Global
	GlobalSection(SolutionConfigurationPlatforms) = preSolution
		Debug|Any CPU = Debug|Any CPU
		Release|Any CPU = Release|Any CPU
	EndGlobalSection
	GlobalSection(ProjectConfigurationPlatforms) = postSolution
		{7EB5B3FF-B82D-4DB6-9525-3BFCC376A6F7}.Debug|Any CPU.ActiveCfg = Debug|Any CPU
		{7EB5B3FF-B82D-4DB6-9525-3BFCC376A6F7}.Debug|Any CPU.Build.0 = Debug|Any CPU
		{7EB5B3FF-B82D-4DB6-9525-3BFCC376A6F7}.Release|Any CPU.ActiveCfg = Release|Any CPU
		{7EB5B3FF-B82D-4DB6-9525-3BFCC376A6F7}.Release|Any CPU.Build.0 = Release|Any CPU
	EndGlobalSection
	GlobalSection(SolutionProperties) = preSolution
		HideSolutionNode = FALSE
	EndGlobalSection
	GlobalSection(ExtensibilityGlobals) = postSolution
		SolutionGuid = {3765CB27-1C25-425D-9CA1-62BFE6B4F132}
	EndGlobalSection
EndGlobal
